
Microsoft Visual Studio Solution File, Format Version 12.00
# Visual Studio Version 16
VisualStudioVersion = 16.0.33801.447
MinimumVisualStudioVersion = 10.0.40219.1
Project("{8BC9CEB8-8B4A-11D0-8D11-00A0C91BC942}") = "MyList", "MyList\MyList.vcxproj", "{091DAD88-EEF2-4643-859D-7FCDD66BB884}"
EndProject
Project("{8BC9CEB8-8B4A-11D0-8D11-00A0C91BC942}") = "MyList_tests", "MyList_tests\MyList_tests.vcxproj", "{D8136620-6B25-46E1-975F-FD16134055FC}"
EndProject
Global
	GlobalSection(SolutionConfigurationPlatforms) = preSolution
		Debug|x64 = Debug|x64
		Debug|x86 = Debug|x86
		Release|x64 = Release|x64
		Release|x86 = Release|x86
	EndGlobalSection
	GlobalSection(ProjectConfigurationPlatforms) = postSolution
		{091DAD88-EEF2-4643-859D-7FCDD66BB884}.Debug|x64.ActiveCfg = Debug|x64
		{091DAD88-EEF2-4643-859D-7FCDD66BB884}.Debug|x64.Build.0 = Debug|x64
		{091DAD88-EEF2-4643-859D-7FCDD66BB884}.Debug|x86.ActiveCfg = Debug|Win32
		{091DAD88-EEF2-4643-859D-7FCDD66BB884}.Debug|x86.Build.0 = Debug|Win32
		{091DAD88-EEF2-4643-859D-7FCDD66BB884}.Release|x64.ActiveCfg = Release|x64
		{091DAD88-EEF2-4643-859D-7FCDD66BB884}.Release|x64.Build.0 = Release|x64
		{091DAD88-EEF2-4643-859D-7FCDD66BB884}.Release|x86.ActiveCfg = Release|Win32
		{091DAD88-EEF2-4643-859D-7FCDD66BB884}.Release|x86.Build.0 = Release|Win32
		{D8136620-6B25-46E1-975F-FD16134055FC}.Debug|x64.ActiveCfg = Debug|x64
		{D8136620-6B25-46E1-975F-FD16134055FC}.Debug|x64.Build.0 = Debug|x64
		{D8136620-6B25-46E1-975F-FD16134055FC}.Debug|x86.ActiveCfg = Debug|Win32
		{D8136620-6B25-46E1-975F-FD16134055FC}.Debug|x86.Build.0 = Debug|Win32
		{D8136620-6B25-46E1-975F-FD16134055FC}.Release|x64.ActiveCfg = Release|x64
		{D8136620-6B25-46E1-975F-FD16134055FC}.Release|x64.Build.0 = Release|x64
		{D8136620-6B25-46E1-975F-FD16134055FC}.Release|x86.ActiveCfg = Release|Win32
		{D8136620-6B25-46E1-975F-FD16134055FC}.Release|x86.Build.0 = Release|Win32
	EndGlobalSection
	GlobalSection(SolutionProperties) = preSolution
		HideSolutionNode = FALSE
	EndGlobalSection
	GlobalSection(ExtensibilityGlobals) = postSolution
		SolutionGuid = {EB72A91B-6354-4079-B6E3-287CAF033CCE}
	EndGlobalSection
EndGlobal
